
Microsoft Visual Studio Solution File, Format Version 12.00
# Visual Studio Version 16
VisualStudioVersion = 16.0.29911.84
MinimumVisualStudioVersion = 10.0.40219.1
Project("{9A19103F-16F7-4668-BE54-9A1E7A4F7556}") = "PlaneDB", "PlaneDB\PlaneDB.csproj", "{8489B993-B019-4C17-8291-D09B6B6FC694}"
EndProject
Project("{9A19103F-16F7-4668-BE54-9A1E7A4F7556}") = "PlaneDB.Tests", "PlaneDB.Tests\PlaneDB.Tests.csproj", "{9BE1E243-9EAB-48A1-9B0E-95A9817577D8}"
EndProject
Project("{9A19103F-16F7-4668-BE54-9A1E7A4F7556}") = "PlaneDB.Profile", "PlaneDB.Profile\PlaneDB.Profile.csproj", "{FE171534-5688-4B7D-914B-A3F14E5CB211}"
EndProject
Project("{2150E333-8FDC-42A3-9474-1A3956D46DE8}") = "Solution Items", "Solution Items", "{D18C69F8-5F34-4DBB-B1C4-AC56A904A681}"
	ProjectSection(SolutionItems) = preProject
		.editorconfig = .editorconfig
		Directory.Build.props = Directory.Build.props
		icon.png = icon.png
		LICENSE.txt = LICENSE.txt
		README.md = README.md
		TODO.md = TODO.md
	EndProjectSection
EndProject
Project("{9A19103F-16F7-4668-BE54-9A1E7A4F7556}") = "PlaneTool", "PlaneTool\PlaneTool.csproj", "{EB223A9F-3482-4623-9BED-6D74F74DE436}"
EndProject
Project("{9A19103F-16F7-4668-BE54-9A1E7A4F7556}") = "PlaneDB.MessagePack", "PlaneDB.MessagePack\PlaneDB.MessagePack.csproj", "{A823D55F-104B-4BE4-AD4F-B5AA8DBA01F8}"
EndProject
Project("{9A19103F-16F7-4668-BE54-9A1E7A4F7556}") = "PlaneDB.Json", "PlaneDB.Json\PlaneDB.Json.csproj", "{49BB946B-D437-4342-BD56-19729CFACBF0}"
EndProject
Project("{9A19103F-16F7-4668-BE54-9A1E7A4F7556}") = "PlaneDB.Remote", "PlaneDB.Remote\PlaneDB.Remote.csproj", "{2334A5A6-CC3A-45C5-BD55-85ADF1D80902}"
EndProject
Project("{9A19103F-16F7-4668-BE54-9A1E7A4F7556}") = "PlaneDB.MemoryDict", "PlaneDB.MemoryDict\PlaneDB.MemoryDict.csproj", "{7CB6FDAD-00D8-4976-A830-FBB244B290FB}"
EndProject
Project("{FAE04EC0-301F-11D3-BF4B-00C04F79EFBC}") = "PlaneDB.RedisServer", "PlaneDB.RedisServer\PlaneDB.RedisServer.csproj", "{A99268CF-D61C-42E4-B765-88D70DCBADD9}"
EndProject
Global
	GlobalSection(SolutionConfigurationPlatforms) = preSolution
		Debug|Any CPU = Debug|Any CPU
		Release|Any CPU = Release|Any CPU
	EndGlobalSection
	GlobalSection(ProjectConfigurationPlatforms) = postSolution
		{8489B993-B019-4C17-8291-D09B6B6FC694}.Debug|Any CPU.ActiveCfg = Debug|Any CPU
		{8489B993-B019-4C17-8291-D09B6B6FC694}.Debug|Any CPU.Build.0 = Debug|Any CPU
		{8489B993-B019-4C17-8291-D09B6B6FC694}.Release|Any CPU.ActiveCfg = Release|Any CPU
		{8489B993-B019-4C17-8291-D09B6B6FC694}.Release|Any CPU.Build.0 = Release|Any CPU
		{9BE1E243-9EAB-48A1-9B0E-95A9817577D8}.Debug|Any CPU.ActiveCfg = Debug|Any CPU
		{9BE1E243-9EAB-48A1-9B0E-95A9817577D8}.Debug|Any CPU.Build.0 = Debug|Any CPU
		{9BE1E243-9EAB-48A1-9B0E-95A9817577D8}.Release|Any CPU.ActiveCfg = Release|Any CPU
		{9BE1E243-9EAB-48A1-9B0E-95A9817577D8}.Release|Any CPU.Build.0 = Release|Any CPU
		{FE171534-5688-4B7D-914B-A3F14E5CB211}.Debug|Any CPU.ActiveCfg = Debug|Any CPU
		{FE171534-5688-4B7D-914B-A3F14E5CB211}.Debug|Any CPU.Build.0 = Debug|Any CPU
		{FE171534-5688-4B7D-914B-A3F14E5CB211}.Release|Any CPU.ActiveCfg = Release|Any CPU
		{FE171534-5688-4B7D-914B-A3F14E5CB211}.Release|Any CPU.Build.0 = Release|Any CPU
		{EB223A9F-3482-4623-9BED-6D74F74DE436}.Debug|Any CPU.ActiveCfg = Debug|Any CPU
		{EB223A9F-3482-4623-9BED-6D74F74DE436}.Debug|Any CPU.Build.0 = Debug|Any CPU
		{EB223A9F-3482-4623-9BED-6D74F74DE436}.Release|Any CPU.ActiveCfg = Release|Any CPU
		{EB223A9F-3482-4623-9BED-6D74F74DE436}.Release|Any CPU.Build.0 = Release|Any CPU
		{A823D55F-104B-4BE4-AD4F-B5AA8DBA01F8}.Debug|Any CPU.ActiveCfg = Debug|Any CPU
		{A823D55F-104B-4BE4-AD4F-B5AA8DBA01F8}.Debug|Any CPU.Build.0 = Debug|Any CPU
		{A823D55F-104B-4BE4-AD4F-B5AA8DBA01F8}.Release|Any CPU.ActiveCfg = Release|Any CPU
		{A823D55F-104B-4BE4-AD4F-B5AA8DBA01F8}.Release|Any CPU.Build.0 = Release|Any CPU
		{49BB946B-D437-4342-BD56-19729CFACBF0}.Debug|Any CPU.ActiveCfg = Debug|Any CPU
		{49BB946B-D437-4342-BD56-19729CFACBF0}.Debug|Any CPU.Build.0 = Debug|Any CPU
		{49BB946B-D437-4342-BD56-19729CFACBF0}.Release|Any CPU.ActiveCfg = Release|Any CPU
		{49BB946B-D437-4342-BD56-19729CFACBF0}.Release|Any CPU.Build.0 = Release|Any CPU
		{2334A5A6-CC3A-45C5-BD55-85ADF1D80902}.Debug|Any CPU.ActiveCfg = Debug|Any CPU
		{2334A5A6-CC3A-45C5-BD55-85ADF1D80902}.Debug|Any CPU.Build.0 = Debug|Any CPU
		{2334A5A6-CC3A-45C5-BD55-85ADF1D80902}.Release|Any CPU.ActiveCfg = Release|Any CPU
		{2334A5A6-CC3A-45C5-BD55-85ADF1D80902}.Release|Any CPU.Build.0 = Release|Any CPU
		{7CB6FDAD-00D8-4976-A830-FBB244B290FB}.Debug|Any CPU.ActiveCfg = Debug|Any CPU
		{7CB6FDAD-00D8-4976-A830-FBB244B290FB}.Debug|Any CPU.Build.0 = Debug|Any CPU
		{7CB6FDAD-00D8-4976-A830-FBB244B290FB}.Release|Any CPU.ActiveCfg = Release|Any CPU
		{7CB6FDAD-00D8-4976-A830-FBB244B290FB}.Release|Any CPU.Build.0 = Release|Any CPU
		{A99268CF-D61C-42E4-B765-88D70DCBADD9}.Debug|Any CPU.ActiveCfg = Debug|Any CPU
		{A99268CF-D61C-42E4-B765-88D70DCBADD9}.Debug|Any CPU.Build.0 = Debug|Any CPU
		{A99268CF-D61C-42E4-B765-88D70DCBADD9}.Release|Any CPU.ActiveCfg = Release|Any CPU
		{A99268CF-D61C-42E4-B765-88D70DCBADD9}.Release|Any CPU.Build.0 = Release|Any CPU
	EndGlobalSection
	GlobalSection(SolutionProperties) = preSolution
		HideSolutionNode = FALSE
	EndGlobalSection
	GlobalSection(ExtensibilityGlobals) = postSolution
		SolutionGuid = {89ECDA8A-7CAF-4ED8-B220-6D6F39B621F8}
	EndGlobalSection
EndGlobal
